
Microsoft Visual Studio Solution File, Format Version 12.00
# Visual Studio Version 17
VisualStudioVersion = 17.14.37710.0 d17.14
MinimumVisualStudioVersion = 10.0.40219.1
Project("{FAE04EC0-301F-11D3-BF4B-00C04F79EFBC}") = "Range Application", "Range Application\Range Application.csproj", "{A6582E63-5D44-4DB3-B0A5-0D22F8D72CA5}"
EndProject
Global
	GlobalSection(SolutionConfigurationPlatforms) = preSolution
		Debug|Any CPU = Debug|Any CPU
		Release|Any CPU = Release|Any CPU
	EndGlobalSection
	GlobalSection(ProjectConfigurationPlatforms) = postSolution
		{A6582E63-5D44-4DB3-B0A5-0D22F8D72CA5}.Debug|Any CPU.ActiveCfg = Debug|Any CPU
		{A6582E63-5D44-4DB3-B0A5-0D22F8D72CA5}.Debug|Any CPU.Build.0 = Debug|Any CPU
		{A6582E63-5D44-4DB3-B0A5-0D22F8D72CA5}.Release|Any CPU.ActiveCfg = Release|Any CPU
		{A6582E63-5D44-4DB3-B0A5-0D22F8D72CA5}.Release|Any CPU.Build.0 = Release|Any CPU
	EndGlobalSection
	GlobalSection(SolutionProperties) = preSolution
		HideSolutionNode = FALSE
	EndGlobalSection
	GlobalSection(ExtensibilityGlobals) = postSolution
		SolutionGuid = {EF1DFE84-EC9A-4CC3-A20C-9BB101B26C09}
	EndGlobalSection
EndGlobal
